<Solution>
  <Folder Name="/Solution Items/">
    <File Path=".editorconfig" />
    <File Path="Directory.Build.props" />
    <File Path="Directory.Packages.props" />
    <File Path="nuget.config" />
    <File Path="README.md" />
  </Folder>
  <Folder Name="/src/">
    <Project Path="src\CollectorUI\CollectorUI.csproj" />
    <Project Path="src\CollectorUIUpdater\CollectorUIUpdater.csproj" />
  </Folder>
</Solution>
